// !$*UTF8*$!
{
	archiveVersion = 1;
	classes = {
	};
	objectVersion = 55;
	objects = {

/* Begin PBXBuildFile section */
		431C60582821294100B4D537 /* String + Extension.swift in Sources */ = {isa = PBXBuildFile; fileRef = 431C60572821294100B4D537 /* String + Extension.swift */; };
		431C605B282165E700B4D537 /* UserDefaultsManager.swift in Sources */ = {isa = PBXBuildFile; fileRef = 431C605A282165E700B4D537 /* UserDefaultsManager.swift */; };
		431C605E282166C900B4D537 /* UserModel.swift in Sources */ = {isa = PBXBuildFile; fileRef = 431C605D282166C900B4D537 /* UserModel.swift */; };
		431D8ED4282C178600D4A053 /* AuthView.swift in Sources */ = {isa = PBXBuildFile; fileRef = 431D8ED3282C178600D4A053 /* AuthView.swift */; };
		431D8ED6282C28A600D4A053 /* SignUpView.swift in Sources */ = {isa = PBXBuildFile; fileRef = 431D8ED5282C28A600D4A053 /* SignUpView.swift */; };
		431D8ED8282C31CC00D4A053 /* AlbumsView.swift in Sources */ = {isa = PBXBuildFile; fileRef = 431D8ED7282C31CC00D4A053 /* AlbumsView.swift */; };
		431D8EDA282C38EA00D4A053 /* DetailAlbumView.swift in Sources */ = {isa = PBXBuildFile; fileRef = 431D8ED9282C38EA00D4A053 /* DetailAlbumView.swift */; };
		431D8EDC282C3D5100D4A053 /* UserInfoView.swift in Sources */ = {isa = PBXBuildFile; fileRef = 431D8EDB282C3D5100D4A053 /* UserInfoView.swift */; };
		43553A4B28227D0100F68CB2 /* AlbumModel.swift in Sources */ = {isa = PBXBuildFile; fileRef = 43553A4A28227D0100F68CB2 /* AlbumModel.swift */; };
		43553A4E28227F2A00F68CB2 /* NetworkRequest.swift in Sources */ = {isa = PBXBuildFile; fileRef = 43553A4D28227F2A00F68CB2 /* NetworkRequest.swift */; };
		43553A502822845400F68CB2 /* NetworkDataFetch.swift in Sources */ = {isa = PBXBuildFile; fileRef = 43553A4F2822845400F68CB2 /* NetworkDataFetch.swift */; };
		436D7A3E281FD1A3006DC392 /* DetailAlbumViewController.swift in Sources */ = {isa = PBXBuildFile; fileRef = 436D7A3D281FD1A3006DC392 /* DetailAlbumViewController.swift */; };
		436D7A40281FD347006DC392 /* SongsCollectionViewCell.swift in Sources */ = {isa = PBXBuildFile; fileRef = 436D7A3F281FD347006DC392 /* SongsCollectionViewCell.swift */; };
		436D7A42281FDC74006DC392 /* UserInfoViewController.swift in Sources */ = {isa = PBXBuildFile; fileRef = 436D7A41281FDC74006DC392 /* UserInfoViewController.swift */; };
		4389DE242824433F00F14745 /* SongsModel.swift in Sources */ = {isa = PBXBuildFile; fileRef = 4389DE232824433F00F14745 /* SongsModel.swift */; };
		43E5D48D281ECBCD00284E2F /* AppDelegate.swift in Sources */ = {isa = PBXBuildFile; fileRef = 43E5D48C281ECBCD00284E2F /* AppDelegate.swift */; };
		43E5D48F281ECBCD00284E2F /* SceneDelegate.swift in Sources */ = {isa = PBXBuildFile; fileRef = 43E5D48E281ECBCD00284E2F /* SceneDelegate.swift */; };
		43E5D496281ECBD000284E2F /* Assets.xcassets in Resources */ = {isa = PBXBuildFile; fileRef = 43E5D495281ECBD000284E2F /* Assets.xcassets */; };
		43E5D499281ECBD000284E2F /* LaunchScreen.storyboard in Resources */ = {isa = PBXBuildFile; fileRef = 43E5D497281ECBD000284E2F /* LaunchScreen.storyboard */; };
		43E5D4A1281ECCA700284E2F /* AuthViewController.swift in Sources */ = {isa = PBXBuildFile; fileRef = 43E5D4A0281ECCA700284E2F /* AuthViewController.swift */; };
		43E5D4A3281ED6BC00284E2F /* AlbumsViewController.swift in Sources */ = {isa = PBXBuildFile; fileRef = 43E5D4A2281ED6BC00284E2F /* AlbumsViewController.swift */; };
		43E5D4A5281ED71A00284E2F /* SignUpViewController.swift in Sources */ = {isa = PBXBuildFile; fileRef = 43E5D4A4281ED71A00284E2F /* SignUpViewController.swift */; };
		43E5D4A9281EF4E500284E2F /* UIStackView + Extension.swift in Sources */ = {isa = PBXBuildFile; fileRef = 43E5D4A8281EF4E500284E2F /* UIStackView + Extension.swift */; };
		43E5D4AB281F0C7D00284E2F /* UIViewController + Extension.swift in Sources */ = {isa = PBXBuildFile; fileRef = 43E5D4AA281F0C7D00284E2F /* UIViewController + Extension.swift */; };
		43E5D4AF281F121400284E2F /* AlbumsTableViewCell.swift in Sources */ = {isa = PBXBuildFile; fileRef = 43E5D4AE281F121400284E2F /* AlbumsTableViewCell.swift */; };
		9B77062C7D09144C919EA053 /* Pods_iTunes_test.framework in Frameworks */ = {isa = PBXBuildFile; fileRef = 135DE2BB12C55926D9B5D665 /* Pods_iTunes_test.framework */; };
/* End PBXBuildFile section */

/* Begin PBXFileReference section */
		135DE2BB12C55926D9B5D665 /* Pods_iTunes_test.framework */ = {isa = PBXFileReference; explicitFileType = wrapper.framework; includeInIndex = 0; path = Pods_iTunes_test.framework; sourceTree = BUILT_PRODUCTS_DIR; };
		2C36CD445EF7537EB2A222ED /* Pods-iTunes_test.release.xcconfig */ = {isa = PBXFileReference; includeInIndex = 1; lastKnownFileType = text.xcconfig; name = "Pods-iTunes_test.release.xcconfig"; path = "Target Support Files/Pods-iTunes_test/Pods-iTunes_test.release.xcconfig"; sourceTree = "<group>"; };
		431C60572821294100B4D537 /* String + Extension.swift */ = {isa = PBXFileReference; lastKnownFileType = sourcecode.swift; path = "String + Extension.swift"; sourceTree = "<group>"; };
		431C605A282165E700B4D537 /* UserDefaultsManager.swift */ = {isa = PBXFileReference; lastKnownFileType = sourcecode.swift; path = UserDefaultsManager.swift; sourceTree = "<group>"; };
		431C605D282166C900B4D537 /* UserModel.swift */ = {isa = PBXFileReference; lastKnownFileType = sourcecode.swift; path = UserModel.swift; sourceTree = "<group>"; };
		431D8ED3282C178600D4A053 /* AuthView.swift */ = {isa = PBXFileReference; lastKnownFileType = sourcecode.swift; path = AuthView.swift; sourceTree = "<group>"; };
		431D8ED5282C28A600D4A053 /* SignUpView.swift */ = {isa = PBXFileReference; lastKnownFileType = sourcecode.swift; path = SignUpView.swift; sourceTree = "<group>"; };
		431D8ED7282C31CC00D4A053 /* AlbumsView.swift */ = {isa = PBXFileReference; lastKnownFileType = sourcecode.swift; path = AlbumsView.swift; sourceTree = "<group>"; };
		431D8ED9282C38EA00D4A053 /* DetailAlbumView.swift */ = {isa = PBXFileReference; lastKnownFileType = sourcecode.swift; path = DetailAlbumView.swift; sourceTree = "<group>"; };
		431D8EDB282C3D5100D4A053 /* UserInfoView.swift */ = {isa = PBXFileReference; lastKnownFileType = sourcecode.swift; path = UserInfoView.swift; sourceTree = "<group>"; };
		43553A4A28227D0100F68CB2 /* AlbumModel.swift */ = {isa = PBXFileReference; lastKnownFileType = sourcecode.swift; path = AlbumModel.swift; sourceTree = "<group>"; };
		43553A4D28227F2A00F68CB2 /* NetworkRequest.swift */ = {isa = PBXFileReference; lastKnownFileType = sourcecode.swift; path = NetworkRequest.swift; sourceTree = "<group>"; };
		43553A4F2822845400F68CB2 /* NetworkDataFetch.swift */ = {isa = PBXFileReference; lastKnownFileType = sourcecode.swift; path = NetworkDataFetch.swift; sourceTree = "<group>"; };
		436D7A3D281FD1A3006DC392 /* DetailAlbumViewController.swift */ = {isa = PBXFileReference; lastKnownFileType = sourcecode.swift; path = DetailAlbumViewController.swift; sourceTree = "<group>"; };
		436D7A3F281FD347006DC392 /* SongsCollectionViewCell.swift */ = {isa = PBXFileReference; lastKnownFileType = sourcecode.swift; path = SongsCollectionViewCell.swift; sourceTree = "<group>"; };
		436D7A41281FDC74006DC392 /* UserInfoViewController.swift */ = {isa = PBXFileReference; lastKnownFileType = sourcecode.swift; path = UserInfoViewController.swift; sourceTree = "<group>"; };
		4389DE232824433F00F14745 /* SongsModel.swift */ = {isa = PBXFileReference; lastKnownFileType = sourcecode.swift; path = SongsModel.swift; sourceTree = "<group>"; };
		43E5D489281ECBCD00284E2F /* iTunes_test.app */ = {isa = PBXFileReference; explicitFileType = wrapper.application; includeInIndex = 0; path = iTunes_test.app; sourceTree = BUILT_PRODUCTS_DIR; };
		43E5D48C281ECBCD00284E2F /* AppDelegate.swift */ = {isa = PBXFileReference; lastKnownFileType = sourcecode.swift; path = AppDelegate.swift; sourceTree = "<group>"; };
		43E5D48E281ECBCD00284E2F /* SceneDelegate.swift */ = {isa = PBXFileReference; lastKnownFileType = sourcecode.swift; path = SceneDelegate.swift; sourceTree = "<group>"; };
		43E5D495281ECBD000284E2F /* Assets.xcassets */ = {isa = PBXFileReference; lastKnownFileType = folder.assetcatalog; path = Assets.xcassets; sourceTree = "<group>"; };
		43E5D498281ECBD000284E2F /* Base */ = {isa = PBXFileReference; lastKnownFileType = file.storyboard; name = Base; path = Base.lproj/LaunchScreen.storyboard; sourceTree = "<group>"; };
		43E5D49A281ECBD000284E2F /* Info.plist */ = {isa = PBXFileReference; lastKnownFileType = text.plist.xml; path = Info.plist; sourceTree = "<group>"; };
		43E5D4A0281ECCA700284E2F /* AuthViewController.swift */ = {isa = PBXFileReference; lastKnownFileType = sourcecode.swift; path = AuthViewController.swift; sourceTree = "<group>"; };
		43E5D4A2281ED6BC00284E2F /* AlbumsViewController.swift */ = {isa = PBXFileReference; lastKnownFileType = sourcecode.swift; path = AlbumsViewController.swift; sourceTree = "<group>"; };
		43E5D4A4281ED71A00284E2F /* SignUpViewController.swift */ = {isa = PBXFileReference; lastKnownFileType = sourcecode.swift; path = SignUpViewController.swift; sourceTree = "<group>"; };
		43E5D4A8281EF4E500284E2F /* UIStackView + Extension.swift */ = {isa = PBXFileReference; lastKnownFileType = sourcecode.swift; path = "UIStackView + Extension.swift"; sourceTree = "<group>"; };
		43E5D4AA281F0C7D00284E2F /* UIViewController + Extension.swift */ = {isa = PBXFileReference; lastKnownFileType = sourcecode.swift; path = "UIViewController + Extension.swift"; sourceTree = "<group>"; };
		43E5D4AE281F121400284E2F /* AlbumsTableViewCell.swift */ = {isa = PBXFileReference; lastKnownFileType = sourcecode.swift; path = AlbumsTableViewCell.swift; sourceTree = "<group>"; };
		FCD3F2C832B2024A9DE3D954 /* Pods-iTunes_test.debug.xcconfig */ = {isa = PBXFileReference; includeInIndex = 1; lastKnownFileType = text.xcconfig; name = "Pods-iTunes_test.debug.xcconfig"; path = "Target Support Files/Pods-iTunes_test/Pods-iTunes_test.debug.xcconfig"; sourceTree = "<group>"; };
/* End PBXFileReference section */

/* Begin PBXFrameworksBuildPhase section */
		43E5D486281ECBCC00284E2F /* Frameworks */ = {
			isa = PBXFrameworksBuildPhase;
			buildActionMask = 2147483647;
			files = (
				9B77062C7D09144C919EA053 /* Pods_iTunes_test.framework in Frameworks */,
			);
			runOnlyForDeploymentPostprocessing = 0;
		};
/* End PBXFrameworksBuildPhase section */

/* Begin PBXGroup section */
		33E9695A2FEA8F1165E7BCD9 /* Pods */ = {
			isa = PBXGroup;
			children = (
				FCD3F2C832B2024A9DE3D954 /* Pods-iTunes_test.debug.xcconfig */,
				2C36CD445EF7537EB2A222ED /* Pods-iTunes_test.release.xcconfig */,
			);
			path = Pods;
			sourceTree = "<group>";
		};
		431C6059282165B500B4D537 /* Services */ = {
			isa = PBXGroup;
			children = (
				431C605A282165E700B4D537 /* UserDefaultsManager.swift */,
			);
			path = Services;
			sourceTree = "<group>";
		};
		431C605C2821668B00B4D537 /* Models */ = {
			isa = PBXGroup;
			children = (
				431C605D282166C900B4D537 /* UserModel.swift */,
				43553A4A28227D0100F68CB2 /* AlbumModel.swift */,
				4389DE232824433F00F14745 /* SongsModel.swift */,
			);
			path = Models;
			sourceTree = "<group>";
		};
		43553A4C28227EE800F68CB2 /* Network */ = {
			isa = PBXGroup;
			children = (
				43553A4D28227F2A00F68CB2 /* NetworkRequest.swift */,
				43553A4F2822845400F68CB2 /* NetworkDataFetch.swift */,
			);
			path = Network;
			sourceTree = "<group>";
		};
		436D7A43281FEE4C006DC392 /* App */ = {
			isa = PBXGroup;
			children = (
				43E5D48C281ECBCD00284E2F /* AppDelegate.swift */,
				43E5D48E281ECBCD00284E2F /* SceneDelegate.swift */,
				43E5D495281ECBD000284E2F /* Assets.xcassets */,
				43E5D497281ECBD000284E2F /* LaunchScreen.storyboard */,
				43E5D49A281ECBD000284E2F /* Info.plist */,
			);
			path = App;
			sourceTree = "<group>";
		};
		43E5D480281ECBCC00284E2F = {
			isa = PBXGroup;
			children = (
				43E5D48B281ECBCD00284E2F /* iTunes */,
				43E5D48A281ECBCD00284E2F /* Products */,
				33E9695A2FEA8F1165E7BCD9 /* Pods */,
				9B3DCEF51CEA60F30558F767 /* Frameworks */,
			);
			sourceTree = "<group>";
		};
		43E5D48A281ECBCD00284E2F /* Products */ = {
			isa = PBXGroup;
			children = (
				43E5D489281ECBCD00284E2F /* iTunes_test.app */,
			);
			name = Products;
			sourceTree = "<group>";
		};
		43E5D48B281ECBCD00284E2F /* iTunes */ = {
			isa = PBXGroup;
			children = (
				436D7A43281FEE4C006DC392 /* App */,
				431C605C2821668B00B4D537 /* Models */,
				43E5D4AC281F11C700284E2F /* Views */,
				43E5D4AD281F11CF00284E2F /* Controllers */,
				43E5D4A6281EF4AC00284E2F /* Extensions */,
				431C6059282165B500B4D537 /* Services */,
				43553A4C28227EE800F68CB2 /* Network */,
			);
			path = iTunes;
			sourceTree = "<group>";
		};
		43E5D4A6281EF4AC00284E2F /* Extensions */ = {
			isa = PBXGroup;
			children = (
				43E5D4A8281EF4E500284E2F /* UIStackView + Extension.swift */,
				43E5D4AA281F0C7D00284E2F /* UIViewController + Extension.swift */,
				431C60572821294100B4D537 /* String + Extension.swift */,
			);
			path = Extensions;
			sourceTree = "<group>";
		};
		43E5D4AC281F11C700284E2F /* Views */ = {
			isa = PBXGroup;
			children = (
				43E5D4AE281F121400284E2F /* AlbumsTableViewCell.swift */,
				436D7A3F281FD347006DC392 /* SongsCollectionViewCell.swift */,
				431D8ED3282C178600D4A053 /* AuthView.swift */,
				431D8ED5282C28A600D4A053 /* SignUpView.swift */,
				431D8ED7282C31CC00D4A053 /* AlbumsView.swift */,
				431D8ED9282C38EA00D4A053 /* DetailAlbumView.swift */,
				431D8EDB282C3D5100D4A053 /* UserInfoView.swift */,
			);
			path = Views;
			sourceTree = "<group>";
		};
		43E5D4AD281F11CF00284E2F /* Controllers */ = {
			isa = PBXGroup;
			children = (
				43E5D4A0281ECCA700284E2F /* AuthViewController.swift */,
				43E5D4A4281ED71A00284E2F /* SignUpViewController.swift */,
				43E5D4A2281ED6BC00284E2F /* AlbumsViewController.swift */,
				436D7A3D281FD1A3006DC392 /* DetailAlbumViewController.swift */,
				436D7A41281FDC74006DC392 /* UserInfoViewController.swift */,
			);
			path = Controllers;
			sourceTree = "<group>";
		};
		9B3DCEF51CEA60F30558F767 /* Frameworks */ = {
			isa = PBXGroup;
			children = (
				135DE2BB12C55926D9B5D665 /* Pods_iTunes_test.framework */,
			);
			name = Frameworks;
			sourceTree = "<group>";
		};
/* End PBXGroup section */

/* Begin PBXNativeTarget section */
		43E5D488281ECBCC00284E2F /* iTunes_test */ = {
			isa = PBXNativeTarget;
			buildConfigurationList = 43E5D49D281ECBD000284E2F /* Build configuration list for PBXNativeTarget "iTunes_test" */;
			buildPhases = (
				61208DC8ABBE0FF86C04402D /* [CP] Check Pods Manifest.lock */,
				43E5D485281ECBCC00284E2F /* Sources */,
				43E5D486281ECBCC00284E2F /* Frameworks */,
				43E5D487281ECBCC00284E2F /* Resources */,
				4313B17F2827E9C800ADED4A /* ShellScript */,
			);
			buildRules = (
			);
			dependencies = (
			);
			name = iTunes_test;
			productName = iTunes;
			productReference = 43E5D489281ECBCD00284E2F /* iTunes_test.app */;
			productType = "com.apple.product-type.application";
		};
/* End PBXNativeTarget section */

/* Begin PBXProject section */
		43E5D481281ECBCC00284E2F /* Project object */ = {
			isa = PBXProject;
			attributes = {
				BuildIndependentTargetsInParallel = 1;
				LastSwiftUpdateCheck = 1320;
				LastUpgradeCheck = 1320;
				TargetAttributes = {
					43E5D488281ECBCC00284E2F = {
						CreatedOnToolsVersion = 13.2.1;
					};
				};
			};
			buildConfigurationList = 43E5D484281ECBCC00284E2F /* Build configuration list for PBXProject "iTunes_test" */;
			compatibilityVersion = "Xcode 13.0";
			developmentRegion = en;
			hasScannedForEncodings = 0;
			knownRegions = (
				en,
				Base,
			);
			mainGroup = 43E5D480281ECBCC00284E2F;
			productRefGroup = 43E5D48A281ECBCD00284E2F /* Products */;
			projectDirPath = "";
			projectRoot = "";
			targets = (
				43E5D488281ECBCC00284E2F /* iTunes_test */,
			);
		};
/* End PBXProject section */

/* Begin PBXResourcesBuildPhase section */
		43E5D487281ECBCC00284E2F /* Resources */ = {
			isa = PBXResourcesBuildPhase;
			buildActionMask = 2147483647;
			files = (
				43E5D499281ECBD000284E2F /* LaunchScreen.storyboard in Resources */,
				43E5D496281ECBD000284E2F /* Assets.xcassets in Resources */,
			);
			runOnlyForDeploymentPostprocessing = 0;
		};
/* End PBXResourcesBuildPhase section */

/* Begin PBXShellScriptBuildPhase section */
		4313B17F2827E9C800ADED4A /* ShellScript */ = {
			isa = PBXShellScriptBuildPhase;
			buildActionMask = 2147483647;
			files = (
			);
			inputFileListPaths = (
			);
			inputPaths = (
			);
			outputFileListPaths = (
			);
			outputPaths = (
			);
			runOnlyForDeploymentPostprocessing = 0;
			shellPath = /bin/sh;
			shellScript = "if which swiftlint >/dev/null; then\n  swiftlint\nelse\n  echo \"error: SwiftLint does not exist, download it from https://github.com/realm/SwiftLint\"\nfi\n";
		};
		61208DC8ABBE0FF86C04402D /* [CP] Check Pods Manifest.lock */ = {
			isa = PBXShellScriptBuildPhase;
			buildActionMask = 2147483647;
			files = (
			);
			inputFileListPaths = (
			);
			inputPaths = (
				"${PODS_PODFILE_DIR_PATH}/Podfile.lock",
				"${PODS_ROOT}/Manifest.lock",
			);
			name = "[CP] Check Pods Manifest.lock";
			outputFileListPaths = (
			);
			outputPaths = (
				"$(DERIVED_FILE_DIR)/Pods-iTunes_test-checkManifestLockResult.txt",
			);
			runOnlyForDeploymentPostprocessing = 0;
			shellPath = /bin/sh;
			shellScript = "diff \"${PODS_PODFILE_DIR_PATH}/Podfile.lock\" \"${PODS_ROOT}/Manifest.lock\" > /dev/null\nif [ $? != 0 ] ; then\n    # print error to STDERR\n    echo \"error: The sandbox is not in sync with the Podfile.lock. Run 'pod install' or update your CocoaPods installation.\" >&2\n    exit 1\nfi\n# This output is used by Xcode 'outputs' to avoid re-running this script phase.\necho \"SUCCESS\" > \"${SCRIPT_OUTPUT_FILE_0}\"\n";
			showEnvVarsInLog = 0;
		};
/* End PBXShellScriptBuildPhase section */

/* Begin PBXSourcesBuildPhase section */
		43E5D485281ECBCC00284E2F /* Sources */ = {
			isa = PBXSourcesBuildPhase;
			buildActionMask = 2147483647;
			files = (
				431D8EDC282C3D5100D4A053 /* UserInfoView.swift in Sources */,
				43E5D4A5281ED71A00284E2F /* SignUpViewController.swift in Sources */,
				43553A4B28227D0100F68CB2 /* AlbumModel.swift in Sources */,
				43553A4E28227F2A00F68CB2 /* NetworkRequest.swift in Sources */,
				436D7A42281FDC74006DC392 /* UserInfoViewController.swift in Sources */,
				431C60582821294100B4D537 /* String + Extension.swift in Sources */,
				431C605B282165E700B4D537 /* UserDefaultsManager.swift in Sources */,
				43E5D4A9281EF4E500284E2F /* UIStackView + Extension.swift in Sources */,
				43E5D4AB281F0C7D00284E2F /* UIViewController + Extension.swift in Sources */,
				431D8ED4282C178600D4A053 /* AuthView.swift in Sources */,
				43E5D4A1281ECCA700284E2F /* AuthViewController.swift in Sources */,
				436D7A3E281FD1A3006DC392 /* DetailAlbumViewController.swift in Sources */,
				431D8ED8282C31CC00D4A053 /* AlbumsView.swift in Sources */,
				431C605E282166C900B4D537 /* UserModel.swift in Sources */,
				43E5D4AF281F121400284E2F /* AlbumsTableViewCell.swift in Sources */,
				43E5D48D281ECBCD00284E2F /* AppDelegate.swift in Sources */,
				43E5D48F281ECBCD00284E2F /* SceneDelegate.swift in Sources */,
				4389DE242824433F00F14745 /* SongsModel.swift in Sources */,
				431D8EDA282C38EA00D4A053 /* DetailAlbumView.swift in Sources */,
				431D8ED6282C28A600D4A053 /* SignUpView.swift in Sources */,
				43553A502822845400F68CB2 /* NetworkDataFetch.swift in Sources */,
				43E5D4A3281ED6BC00284E2F /* AlbumsViewController.swift in Sources */,
				436D7A40281FD347006DC392 /* SongsCollectionViewCell.swift in Sources */,
			);
			runOnlyForDeploymentPostprocessing = 0;
		};
/* End PBXSourcesBuildPhase section */

/* Begin PBXVariantGroup section */
		43E5D497281ECBD000284E2F /* LaunchScreen.storyboard */ = {
			isa = PBXVariantGroup;
			children = (
				43E5D498281ECBD000284E2F /* Base */,
			);
			name = LaunchScreen.storyboard;
			sourceTree = "<group>";
		};
/* End PBXVariantGroup section */

/* Begin XCBuildConfiguration section */
		43E5D49B281ECBD000284E2F /* Debug */ = {
			isa = XCBuildConfiguration;
			buildSettings = {
				ALWAYS_SEARCH_USER_PATHS = NO;
				CLANG_ANALYZER_NONNULL = YES;
				CLANG_ANALYZER_NUMBER_OBJECT_CONVERSION = YES_AGGRESSIVE;
				CLANG_CXX_LANGUAGE_STANDARD = "gnu++17";
				CLANG_CXX_LIBRARY = "libc++";
				CLANG_ENABLE_MODULES = YES;
				CLANG_ENABLE_OBJC_ARC = YES;
				CLANG_ENABLE_OBJC_WEAK = YES;
				CLANG_WARN_BLOCK_CAPTURE_AUTORELEASING = YES;
				CLANG_WARN_BOOL_CONVERSION = YES;
				CLANG_WARN_COMMA = YES;
				CLANG_WARN_CONSTANT_CONVERSION = YES;
				CLANG_WARN_DEPRECATED_OBJC_IMPLEMENTATIONS = YES;
				CLANG_WARN_DIRECT_OBJC_ISA_USAGE = YES_ERROR;
				CLANG_WARN_DOCUMENTATION_COMMENTS = YES;
				CLANG_WARN_EMPTY_BODY = YES;
				CLANG_WARN_ENUM_CONVERSION = YES;
				CLANG_WARN_INFINITE_RECURSION = YES;
				CLANG_WARN_INT_CONVERSION = YES;
				CLANG_WARN_NON_LITERAL_NULL_CONVERSION = YES;
				CLANG_WARN_OBJC_IMPLICIT_RETAIN_SELF = YES;
				CLANG_WARN_OBJC_LITERAL_CONVERSION = YES;
				CLANG_WARN_OBJC_ROOT_CLASS = YES_ERROR;
				CLANG_WARN_QUOTED_INCLUDE_IN_FRAMEWORK_HEADER = YES;
				CLANG_WARN_RANGE_LOOP_ANALYSIS = YES;
				CLANG_WARN_STRICT_PROTOTYPES = YES;
				CLANG_WARN_SUSPICIOUS_MOVE = YES;
				CLANG_WARN_UNGUARDED_AVAILABILITY = YES_AGGRESSIVE;
				CLANG_WARN_UNREACHABLE_CODE = YES;
				CLANG_WARN__DUPLICATE_METHOD_MATCH = YES;
				COPY_PHASE_STRIP = NO;
				DEBUG_INFORMATION_FORMAT = dwarf;
				ENABLE_STRICT_OBJC_MSGSEND = YES;
				ENABLE_TESTABILITY = YES;
				GCC_C_LANGUAGE_STANDARD = gnu11;
				GCC_DYNAMIC_NO_PIC = NO;
				GCC_NO_COMMON_BLOCKS = YES;
				GCC_OPTIMIZATION_LEVEL = 0;
				GCC_PREPROCESSOR_DEFINITIONS = (
					"DEBUG=1",
					"$(inherited)",
				);
				GCC_WARN_64_TO_32_BIT_CONVERSION = YES;
				GCC_WARN_ABOUT_RETURN_TYPE = YES_ERROR;
				GCC_WARN_UNDECLARED_SELECTOR = YES;
				GCC_WARN_UNINITIALIZED_AUTOS = YES_AGGRESSIVE;
				GCC_WARN_UNUSED_FUNCTION = YES;
				GCC_WARN_UNUSED_VARIABLE = YES;
				IPHONEOS_DEPLOYMENT_TARGET = 15.2;
				MTL_ENABLE_DEBUG_INFO = INCLUDE_SOURCE;
				MTL_FAST_MATH = YES;
				ONLY_ACTIVE_ARCH = YES;
				SDKROOT = iphoneos;
				SWIFT_ACTIVE_COMPILATION_CONDITIONS = DEBUG;
				SWIFT_OPTIMIZATION_LEVEL = "-Onone";
			};
			name = Debug;
		};
		43E5D49C281ECBD000284E2F /* Release */ = {
			isa = XCBuildConfiguration;
			buildSettings = {
				ALWAYS_SEARCH_USER_PATHS = NO;
				CLANG_ANALYZER_NONNULL = YES;
				CLANG_ANALYZER_NUMBER_OBJECT_CONVERSION = YES_AGGRESSIVE;
				CLANG_CXX_LANGUAGE_STANDARD = "gnu++17";
				CLANG_CXX_LIBRARY = "libc++";
				CLANG_ENABLE_MODULES = YES;
				CLANG_ENABLE_OBJC_ARC = YES;
				CLANG_ENABLE_OBJC_WEAK = YES;
				CLANG_WARN_BLOCK_CAPTURE_AUTORELEASING = YES;
				CLANG_WARN_BOOL_CONVERSION = YES;
				CLANG_WARN_COMMA = YES;
				CLANG_WARN_CONSTANT_CONVERSION = YES;
				CLANG_WARN_DEPRECATED_OBJC_IMPLEMENTATIONS = YES;
				CLANG_WARN_DIRECT_OBJC_ISA_USAGE = YES_ERROR;
				CLANG_WARN_DOCUMENTATION_COMMENTS = YES;
				CLANG_WARN_EMPTY_BODY = YES;
				CLANG_WARN_ENUM_CONVERSION = YES;
				CLANG_WARN_INFINITE_RECURSION = YES;
				CLANG_WARN_INT_CONVERSION = YES;
				CLANG_WARN_NON_LITERAL_NULL_CONVERSION = YES;
				CLANG_WARN_OBJC_IMPLICIT_RETAIN_SELF = YES;
				CLANG_WARN_OBJC_LITERAL_CONVERSION = YES;
				CLANG_WARN_OBJC_ROOT_CLASS = YES_ERROR;
				CLANG_WARN_QUOTED_INCLUDE_IN_FRAMEWORK_HEADER = YES;
				CLANG_WARN_RANGE_LOOP_ANALYSIS = YES;
				CLANG_WARN_STRICT_PROTOTYPES = YES;
				CLANG_WARN_SUSPICIOUS_MOVE = YES;
				CLANG_WARN_UNGUARDED_AVAILABILITY = YES_AGGRESSIVE;
				CLANG_WARN_UNREACHABLE_CODE = YES;
				CLANG_WARN__DUPLICATE_METHOD_MATCH = YES;
				COPY_PHASE_STRIP = NO;
				DEBUG_INFORMATION_FORMAT = "dwarf-with-dsym";
				ENABLE_NS_ASSERTIONS = NO;
				ENABLE_STRICT_OBJC_MSGSEND = YES;
				GCC_C_LANGUAGE_STANDARD = gnu11;
				GCC_NO_COMMON_BLOCKS = YES;
				GCC_WARN_64_TO_32_BIT_CONVERSION = YES;
				GCC_WARN_ABOUT_RETURN_TYPE = YES_ERROR;
				GCC_WARN_UNDECLARED_SELECTOR = YES;
				GCC_WARN_UNINITIALIZED_AUTOS = YES_AGGRESSIVE;
				GCC_WARN_UNUSED_FUNCTION = YES;
				GCC_WARN_UNUSED_VARIABLE = YES;
				IPHONEOS_DEPLOYMENT_TARGET = 15.2;
				MTL_ENABLE_DEBUG_INFO = NO;
				MTL_FAST_MATH = YES;
				SDKROOT = iphoneos;
				SWIFT_COMPILATION_MODE = wholemodule;
				SWIFT_OPTIMIZATION_LEVEL = "-O";
				VALIDATE_PRODUCT = YES;
			};
			name = Release;
		};
		43E5D49E281ECBD000284E2F /* Debug */ = {
			isa = XCBuildConfiguration;
			baseConfigurationReference = FCD3F2C832B2024A9DE3D954 /* Pods-iTunes_test.debug.xcconfig */;
			buildSettings = {
				ASSETCATALOG_COMPILER_APPICON_NAME = AppIcon;
				ASSETCATALOG_COMPILER_GLOBAL_ACCENT_COLOR_NAME = AccentColor;
				CODE_SIGN_STYLE = Automatic;
				CURRENT_PROJECT_VERSION = 1;
				DEVELOPMENT_TEAM = 8545KP6MGS;
				GENERATE_INFOPLIST_FILE = YES;
				INFOPLIST_FILE = iTunes/App/Info.plist;
				INFOPLIST_KEY_UIApplicationSupportsIndirectInputEvents = YES;
				INFOPLIST_KEY_UILaunchStoryboardName = LaunchScreen;
				INFOPLIST_KEY_UISupportedInterfaceOrientations_iPad = "UIInterfaceOrientationPortrait UIInterfaceOrientationPortraitUpsideDown UIInterfaceOrientationLandscapeLeft UIInterfaceOrientationLandscapeRight";
				INFOPLIST_KEY_UISupportedInterfaceOrientations_iPhone = "UIInterfaceOrientationPortrait UIInterfaceOrientationLandscapeLeft UIInterfaceOrientationLandscapeRight";
				LD_RUNPATH_SEARCH_PATHS = (
					"$(inherited)",
					"@executable_path/Frameworks",
				);
				MARKETING_VERSION = 1.0;
				PRODUCT_BUNDLE_IDENTIFIER = com.iTunes;
				PRODUCT_NAME = "$(TARGET_NAME)";
				SWIFT_EMIT_LOC_STRINGS = YES;
				SWIFT_VERSION = 5.0;
				TARGETED_DEVICE_FAMILY = 1;
			};
			name = Debug;
		};
		43E5D49F281ECBD000284E2F /* Release */ = {
			isa = XCBuildConfiguration;
			baseConfigurationReference = 2C36CD445EF7537EB2A222ED /* Pods-iTunes_test.release.xcconfig */;
			buildSettings = {
				ASSETCATALOG_COMPILER_APPICON_NAME = AppIcon;
				ASSETCATALOG_COMPILER_GLOBAL_ACCENT_COLOR_NAME = AccentColor;
				CODE_SIGN_STYLE = Automatic;
				CURRENT_PROJECT_VERSION = 1;
				DEVELOPMENT_TEAM = 8545KP6MGS;
				GENERATE_INFOPLIST_FILE = YES;
				INFOPLIST_FILE = iTunes/App/Info.plist;
				INFOPLIST_KEY_UIApplicationSupportsIndirectInputEvents = YES;
				INFOPLIST_KEY_UILaunchStoryboardName = LaunchScreen;
				INFOPLIST_KEY_UISupportedInterfaceOrientations_iPad = "UIInterfaceOrientationPortrait UIInterfaceOrientationPortraitUpsideDown UIInterfaceOrientationLandscapeLeft UIInterfaceOrientationLandscapeRight";
				INFOPLIST_KEY_UISupportedInterfaceOrientations_iPhone = "UIInterfaceOrientationPortrait UIInterfaceOrientationLandscapeLeft UIInterfaceOrientationLandscapeRight";
				LD_RUNPATH_SEARCH_PATHS = (
					"$(inherited)",
					"@executable_path/Frameworks",
				);
				MARKETING_VERSION = 1.0;
				PRODUCT_BUNDLE_IDENTIFIER = com.iTunes;
				PRODUCT_NAME = "$(TARGET_NAME)";
				SWIFT_EMIT_LOC_STRINGS = YES;
				SWIFT_VERSION = 5.0;
				TARGETED_DEVICE_FAMILY = 1;
			};
			name = Release;
		};
/* End XCBuildConfiguration section */

/* Begin XCConfigurationList section */
		43E5D484281ECBCC00284E2F /* Build configuration list for PBXProject "iTunes_test" */ = {
			isa = XCConfigurationList;
			buildConfigurations = (
				43E5D49B281ECBD000284E2F /* Debug */,
				43E5D49C281ECBD000284E2F /* Release */,
			);
			defaultConfigurationIsVisible = 0;
			defaultConfigurationName = Release;
		};
		43E5D49D281ECBD000284E2F /* Build configuration list for PBXNativeTarget "iTunes_test" */ = {
			isa = XCConfigurationList;
			buildConfigurations = (
				43E5D49E281ECBD000284E2F /* Debug */,
				43E5D49F281ECBD000284E2F /* Release */,
			);
			defaultConfigurationIsVisible = 0;
			defaultConfigurationName = Release;
		};
/* End XCConfigurationList section */
	};
	rootObject = 43E5D481281ECBCC00284E2F /* Project object */;
}
